{
  "object": {
    "pins": [
      {
        "package": "SunMoonCalc",
        "repositoryURL": "https://github.com/werner-freytag/SunMoonCalc.git",
        "state": {
          "branch": "develop",
          "revision": "a27bed90bb5231c6f43de463f0c1babc76854ec7",
          "version": null
        }
      },
      {
        "package": "SwiftToolbox",
        "repositoryURL": "https://github.com/werner-freytag/SwiftToolbox.git",
        "state": {
          "branch": "develop",
          "revision": "529385e7823b85eeaa5992cbeee4793db2f55a1a",
          "version": null
        }
      }
    ]
  },
  "version": 1
}
